
Microsoft Visual Studio Solution File, Format Version 12.00
# Visual Studio 15
VisualStudioVersion = 15.0.27703.2018
MinimumVisualStudioVersion = 10.0.40219.1
Project("{930C7802-8A8C-48F9-8165-68863BCCD9DD}") = "ClarityServiceInstaller", "WixSetup\ClarityServiceInstaller.wixproj", "{E59E1A6A-FEE0-4142-9644-5621C18D6666}"
EndProject
Global
	GlobalSection(SolutionConfigurationPlatforms) = preSolution
		NonProd|Any CPU = NonProd|Any CPU
		NonProd|Mixed Platforms = NonProd|Mixed Platforms
		NonProd|x64 = NonProd|x64
		NonProd|x86 = NonProd|x86
		ProductionAF|Any CPU = ProductionAF|Any CPU
		ProductionAF|Mixed Platforms = ProductionAF|Mixed Platforms
		ProductionAF|x64 = ProductionAF|x64
		ProductionAF|x86 = ProductionAF|x86
		ProductionZA|Any CPU = ProductionZA|Any CPU
		ProductionZA|Mixed Platforms = ProductionZA|Mixed Platforms
		ProductionZA|x64 = ProductionZA|x64
		ProductionZA|x86 = ProductionZA|x86
	EndGlobalSection
	GlobalSection(ProjectConfigurationPlatforms) = postSolution
		{E59E1A6A-FEE0-4142-9644-5621C18D6666}.NonProd|Any CPU.ActiveCfg = NonProd|x86
		{E59E1A6A-FEE0-4142-9644-5621C18D6666}.NonProd|Any CPU.Build.0 = NonProd|x86
		{E59E1A6A-FEE0-4142-9644-5621C18D6666}.NonProd|Mixed Platforms.ActiveCfg = NonProd|x86
		{E59E1A6A-FEE0-4142-9644-5621C18D6666}.NonProd|Mixed Platforms.Build.0 = NonProd|x86
		{E59E1A6A-FEE0-4142-9644-5621C18D6666}.NonProd|x64.ActiveCfg = NonProd|x64
		{E59E1A6A-FEE0-4142-9644-5621C18D6666}.NonProd|x64.Build.0 = NonProd|x64
		{E59E1A6A-FEE0-4142-9644-5621C18D6666}.NonProd|x86.ActiveCfg = NonProd|x86
		{E59E1A6A-FEE0-4142-9644-5621C18D6666}.NonProd|x86.Build.0 = NonProd|x86
		{E59E1A6A-FEE0-4142-9644-5621C18D6666}.ProductionAF|Any CPU.ActiveCfg = ProductionAF|x64
		{E59E1A6A-FEE0-4142-9644-5621C18D6666}.ProductionAF|Any CPU.Build.0 = ProductionAF|x64
		{E59E1A6A-FEE0-4142-9644-5621C18D6666}.ProductionAF|Mixed Platforms.ActiveCfg = ProductionAF|x86
		{E59E1A6A-FEE0-4142-9644-5621C18D6666}.ProductionAF|Mixed Platforms.Build.0 = ProductionAF|x86
		{E59E1A6A-FEE0-4142-9644-5621C18D6666}.ProductionAF|x64.ActiveCfg = ProductionAF|x64
		{E59E1A6A-FEE0-4142-9644-5621C18D6666}.ProductionAF|x64.Build.0 = ProductionAF|x64
		{E59E1A6A-FEE0-4142-9644-5621C18D6666}.ProductionAF|x86.ActiveCfg = ProductionAF|x86
		{E59E1A6A-FEE0-4142-9644-5621C18D6666}.ProductionAF|x86.Build.0 = ProductionAF|x86
		{E59E1A6A-FEE0-4142-9644-5621C18D6666}.ProductionZA|Any CPU.ActiveCfg = ProductionZA|x86
		{E59E1A6A-FEE0-4142-9644-5621C18D6666}.ProductionZA|Mixed Platforms.ActiveCfg = ProductionZA|x86
		{E59E1A6A-FEE0-4142-9644-5621C18D6666}.ProductionZA|Mixed Platforms.Build.0 = ProductionZA|x86
		{E59E1A6A-FEE0-4142-9644-5621C18D6666}.ProductionZA|x64.ActiveCfg = ProductionZA|x64
		{E59E1A6A-FEE0-4142-9644-5621C18D6666}.ProductionZA|x64.Build.0 = ProductionZA|x64
		{E59E1A6A-FEE0-4142-9644-5621C18D6666}.ProductionZA|x86.ActiveCfg = ProductionZA|x86
		{E59E1A6A-FEE0-4142-9644-5621C18D6666}.ProductionZA|x86.Build.0 = ProductionZA|x86
	EndGlobalSection
	GlobalSection(SolutionProperties) = preSolution
		HideSolutionNode = FALSE
	EndGlobalSection
	GlobalSection(ExtensibilityGlobals) = postSolution
		SolutionGuid = {F65EDBDE-DA1B-4053-A368-C45EABE4B919}
	EndGlobalSection
EndGlobal
